
Microsoft Visual Studio Solution File, Format Version 12.00
# Visual Studio Version 16
VisualStudioVersion = 16.0.30114.105
MinimumVisualStudioVersion = 10.0.40219.1
Project("{FAE04EC0-301F-11D3-BF4B-00C04F79EFBC}") = "Domain", "Domain\Domain.csproj", "{91E01D84-59F6-457E-A978-08DD7E15903B}"
EndProject
Project("{FAE04EC0-301F-11D3-BF4B-00C04F79EFBC}") = "WebUI", "WebUI\WebUI.csproj", "{B0C26958-1262-435F-B556-24D65B0F7BEE}"
EndProject
Global
	GlobalSection(SolutionConfigurationPlatforms) = preSolution
		Debug|Any CPU = Debug|Any CPU
		Release|Any CPU = Release|Any CPU
	EndGlobalSection
	GlobalSection(ProjectConfigurationPlatforms) = postSolution
		{91E01D84-59F6-457E-A978-08DD7E15903B}.Debug|Any CPU.ActiveCfg = Debug|Any CPU
		{91E01D84-59F6-457E-A978-08DD7E15903B}.Debug|Any CPU.Build.0 = Debug|Any CPU
		{91E01D84-59F6-457E-A978-08DD7E15903B}.Release|Any CPU.ActiveCfg = Release|Any CPU
		{91E01D84-59F6-457E-A978-08DD7E15903B}.Release|Any CPU.Build.0 = Release|Any CPU
		{B0C26958-1262-435F-B556-24D65B0F7BEE}.Debug|Any CPU.ActiveCfg = Debug|Any CPU
		{B0C26958-1262-435F-B556-24D65B0F7BEE}.Debug|Any CPU.Build.0 = Debug|Any CPU
		{B0C26958-1262-435F-B556-24D65B0F7BEE}.Release|Any CPU.ActiveCfg = Release|Any CPU
		{B0C26958-1262-435F-B556-24D65B0F7BEE}.Release|Any CPU.Build.0 = Release|Any CPU
	EndGlobalSection
	GlobalSection(SolutionProperties) = preSolution
		HideSolutionNode = FALSE
	EndGlobalSection
	GlobalSection(ExtensibilityGlobals) = postSolution
		SolutionGuid = {4A4CB2D7-3E2D-4129-9B24-0124E58922C2}
	EndGlobalSection
EndGlobal
